
Microsoft Visual Studio Solution File, Format Version 12.00
Project("{FAE04EC0-301F-11D3-BF4B-00C04F79EFBC}") = "CodeTest", "CodeTest\CodeTest.csproj", "{CA070318-F814-46E6-B375-041368B25337}"
EndProject
Project("{FAE04EC0-301F-11D3-BF4B-00C04F79EFBC}") = "Tests", "Tests\Tests.csproj", "{272DC8C3-A9A3-4C36-BAC5-0AF7110AF036}"
EndProject
Global
	GlobalSection(SolutionConfigurationPlatforms) = preSolution
		Debug|Any CPU = Debug|Any CPU
		Release|Any CPU = Release|Any CPU
	EndGlobalSection
	GlobalSection(ProjectConfigurationPlatforms) = postSolution
		{CA070318-F814-46E6-B375-041368B25337}.Debug|Any CPU.ActiveCfg = Debug|Any CPU
		{CA070318-F814-46E6-B375-041368B25337}.Debug|Any CPU.Build.0 = Debug|Any CPU
		{CA070318-F814-46E6-B375-041368B25337}.Release|Any CPU.ActiveCfg = Release|Any CPU
		{CA070318-F814-46E6-B375-041368B25337}.Release|Any CPU.Build.0 = Release|Any CPU
		{272DC8C3-A9A3-4C36-BAC5-0AF7110AF036}.Debug|Any CPU.ActiveCfg = Debug|Any CPU
		{272DC8C3-A9A3-4C36-BAC5-0AF7110AF036}.Debug|Any CPU.Build.0 = Debug|Any CPU
		{272DC8C3-A9A3-4C36-BAC5-0AF7110AF036}.Release|Any CPU.ActiveCfg = Release|Any CPU
		{272DC8C3-A9A3-4C36-BAC5-0AF7110AF036}.Release|Any CPU.Build.0 = Release|Any CPU
	EndGlobalSection
EndGlobal
